
Microsoft Visual Studio Solution File, Format Version 12.00
# Visual Studio Version 17
VisualStudioVersion = 17.5.33516.290
MinimumVisualStudioVersion = 10.0.40219.1
Project("{FAE04EC0-301F-11D3-BF4B-00C04F79EFBC}") = "mathSimplifier", "mathSimplifier\mathSimplifier.csproj", "{4640400D-0310-43D4-B2BB-1AC1D3FE4BAB}"
EndProject
Global
	GlobalSection(SolutionConfigurationPlatforms) = preSolution
		Debug|Any CPU = Debug|Any CPU
		Release|Any CPU = Release|Any CPU
	EndGlobalSection
	GlobalSection(ProjectConfigurationPlatforms) = postSolution
		{4640400D-0310-43D4-B2BB-1AC1D3FE4BAB}.Debug|Any CPU.ActiveCfg = Debug|Any CPU
		{4640400D-0310-43D4-B2BB-1AC1D3FE4BAB}.Debug|Any CPU.Build.0 = Debug|Any CPU
		{4640400D-0310-43D4-B2BB-1AC1D3FE4BAB}.Release|Any CPU.ActiveCfg = Release|Any CPU
		{4640400D-0310-43D4-B2BB-1AC1D3FE4BAB}.Release|Any CPU.Build.0 = Release|Any CPU
	EndGlobalSection
	GlobalSection(SolutionProperties) = preSolution
		HideSolutionNode = FALSE
	EndGlobalSection
	GlobalSection(ExtensibilityGlobals) = postSolution
		SolutionGuid = {8392E308-D2DC-4F38-8DC4-E16DA45B5129}
	EndGlobalSection
EndGlobal
